github.com/etclab/adt v0.1.0 h1:RZnp9HwPOzSPpfjniWIQJxcrOyV0FGLCmRaBoWnAi5w=
github.com/etclab/adt v0.1.0/go.mod h1:t6LBZdMZbqOncOYdpSDp0lxIZ14mNxlEl7tzuZ9Hg14=
github.com/etclab/functools v0.1.0 h1:TeVxoplZuCMnkGf4cjEiA3y9whroK3FUUF5/u5+E9PI=
github.com/etclab/functools v0.1.0/go.mod h1:whZkAnuGV98/YkPnO9PqlGA9anR5mYCFlsT/vvgSx9s=
github.com/etclab/mu v0.1.0 h1:E2P6a0KOAnqv1f2dL6IQ1ibhax558T8nvWh76q3SV/8=
github.com/etclab/mu v0.1.0/go.mod h1:Q1g67Uyx3LUHW0YioY/ipPfKTQe/8NjYlpevy4zgGyk=
github.com/etclab/netx v0.1.0 h1:Ol6UuXYXfvoM/v5lR0AggnWwwy0r7/KkkyMRCWSsr1w=
github.com/etclab/netx v0.1.0/go.mod h1:ehHw/zJLIxzSLnCvOOIuP9SKD3zmm9G7kUObeTMnS/Y=
github.com/miekg/dns v1.1.59 h1:C9EXc/UToRwKLhK5wKU/I4QVsBUc8kE6MkHBkeypWZs=
github.com/miekg/dns v1.1.59/go.mod h1:nZpewl5p6IvctfgrckopVx2OlSEHPRO/U4SYkRklrEk=
golang.org/x/mod v0.16.0 h1:QX4fJ0Rr5cPQCF7O9lh9Se4pmwfwskqZfq5moyldzic=
golang.org/x/mod v0.16.0/go.mod h1:hTbmBsO62+eylJbnUtE2MGJUyE7QWk4xUqPFrRgJ+7c=
golang.org/x/net v0.22.0 h1:9sGLhx7iRIHEiX0oAJ3MRZMUCElJgy7Br1nO+AMN3Tc=
golang.org/x/net v0.22.0/go.mod h1:JKghWKKOSdJwpW2GEx0Ja7fmaKnMsbu+MWVZTokSYmg=
golang.org/x/sys v0.18.0 h1:DBdB3niSjOA/O0blCZBqDefyWNYveAYMNF1Wum0DYQ4=
golang.org/x/sys v0.18.0/go.mod h1:/VUhepiaJMQUp4+oa/7Zr1D23ma6VTLIYjOOTFZPUcA=
golang.org/x/tools v0.19.0 h1:tfGCXNR1OsFG+sVdLAitlpjAvD/I6dHDKnYrpEZUHkw=
golang.org/x/tools v0.19.0/go.mod h1:qoJWxmGSIBmAeriMx19ogtrEPrGtDbPK634QFIcLAhc=
